{
  "name": "@crit-tech/pdf2text",
  "version": "0.0.1",
  "lockfileVersion": 3,
  "requires": true,
  "packages": {
    "": {
      "name": "@crit-tech/pdf2text",
      "version": "0.0.1",
      "license": "Apache-2.0",
      "dependencies": {
        "pdf2json": "^3.0.4"
      },
      "devDependencies": {
        "typescript": "^5.1.3"
      }
    },
    "node_modules/pdf2json": {
      "version": "3.0.4",
      "resolved": "https://registry.npmjs.org/pdf2json/-/pdf2json-3.0.4.tgz",
      "integrity": "sha512-NKmSg78W5V/T3Qvp+TPkYeARdP/XzxBTlhRGdDMrOI1beyI72JxW5u4yy5825ge3opzu4HF0xDgg+HZbYvbr4g==",
      "bundleDependencies": [
        "@xmldom/xmldom"
      ],
      "dependencies": {
        "@xmldom/xmldom": "^0.8.6"
      },
      "bin": {
        "pdf2json": "bin/pdf2json.js"
      },
      "engines": {
        "node": ">=18.12.1",
        "npm": ">=8.19.2"
      }
    },
    "node_modules/pdf2json/node_modules/@xmldom/xmldom": {
      "version": "0.8.7",
      "inBundle": true,
      "license": "MIT",
      "engines": {
        "node": ">=10.0.0"
      }
    },
    "node_modules/typescript": {
      "version": "5.1.3",
      "resolved": "https://registry.npmjs.org/typescript/-/typescript-5.1.3.tgz",
      "integrity": "sha512-XH627E9vkeqhlZFQuL+UsyAXEnibT0kWR2FWONlr4sTjvxyJYnyefgrkyECLzM5NenmKzRAy2rR/OlYLA1HkZw==",
      "dev": true,
      "bin": {
        "tsc": "bin/tsc",
        "tsserver": "bin/tsserver"
      },
      "engines": {
        "node": ">=14.17"
      }
    }
  }
}
