{
  "name": "@crit-tech/pdf2text",
  "version": "1.0.0",
  "lockfileVersion": 3,
  "requires": true,
  "packages": {
    "": {
      "name": "@crit-tech/pdf2text",
      "version": "1.0.0",
      "license": "Apache-2.0",
      "dependencies": {
        "pdf2json": "github:OferElfassi/pdf2jsonForElectron"
      },
      "devDependencies": {
        "typescript": "^5.1.3"
      }
    },
    "node_modules/pdf2json": {
      "version": "3.0.4",
      "resolved": "git+ssh://git@github.com/OferElfassi/pdf2jsonForElectron.git#e3f03827f6dd87234e49e98460016c56ff982947",
      "bundleDependencies": [
        "@xmldom/xmldom"
      ],
      "license": "Apache-2.0",
      "dependencies": {
        "@xmldom/xmldom": "^0.8.8"
      },
      "bin": {
        "pdf2json": "bin/pdf2json.js"
      },
      "engines": {
        "node": ">=18.12.1",
        "npm": ">=8.19.2"
      }
    },
    "node_modules/pdf2json/node_modules/@xmldom/xmldom": {
      "version": "0.8.8",
      "inBundle": true,
      "license": "MIT",
      "engines": {
        "node": ">=10.0.0"
      }
    },
    "node_modules/typescript": {
      "version": "5.1.3",
      "resolved": "https://registry.npmjs.org/typescript/-/typescript-5.1.3.tgz",
      "integrity": "sha512-XH627E9vkeqhlZFQuL+UsyAXEnibT0kWR2FWONlr4sTjvxyJYnyefgrkyECLzM5NenmKzRAy2rR/OlYLA1HkZw==",
      "dev": true,
      "bin": {
        "tsc": "bin/tsc",
        "tsserver": "bin/tsserver"
      },
      "engines": {
        "node": ">=14.17"
      }
    }
  }
}
